
Microsoft Visual Studio Solution File, Format Version 12.00
# Visual Studio Version 17
VisualStudioVersion = 17.14.36429.23 d17.14
MinimumVisualStudioVersion = 10.0.40219.1
Project("{FAE04EC0-301F-11D3-BF4B-00C04F79EFBC}") = "Test", "Test\Test.csproj", "{4784C4D3-14B3-4E3F-B90F-63260DCB0451}"
EndProject
Global
	GlobalSection(SolutionConfigurationPlatforms) = preSolution
		Debug|Any CPU = Debug|Any CPU
		Release|Any CPU = Release|Any CPU
	EndGlobalSection
	GlobalSection(ProjectConfigurationPlatforms) = postSolution
		{4784C4D3-14B3-4E3F-B90F-63260DCB0451}.Debug|Any CPU.ActiveCfg = Debug|Any CPU
		{4784C4D3-14B3-4E3F-B90F-63260DCB0451}.Debug|Any CPU.Build.0 = Debug|Any CPU
		{4784C4D3-14B3-4E3F-B90F-63260DCB0451}.Release|Any CPU.ActiveCfg = Release|Any CPU
		{4784C4D3-14B3-4E3F-B90F-63260DCB0451}.Release|Any CPU.Build.0 = Release|Any CPU
	EndGlobalSection
	GlobalSection(SolutionProperties) = preSolution
		HideSolutionNode = FALSE
	EndGlobalSection
	GlobalSection(ExtensibilityGlobals) = postSolution
		SolutionGuid = {8A82B01D-5443-4915-A66A-1836423C2BE6}
	EndGlobalSection
EndGlobal
